
Microsoft Visual Studio Solution File, Format Version 12.00
# Visual Studio Version 17
VisualStudioVersion = 17.13.35931.197
MinimumVisualStudioVersion = 10.0.40219.1
Project("{FAE04EC0-301F-11D3-BF4B-00C04F79EFBC}") = "Estructura_De_Datos_T3", "Estructura_De_Datos_T3\Estructura_De_Datos_T3.csproj", "{45CDC615-5001-4621-9ED2-D7EDF8FABFCA}"
EndProject
Project("{FAE04EC0-301F-11D3-BF4B-00C04F79EFBC}") = "Clases", "Clases\Clases.csproj", "{1F52C704-362D-409D-8950-8EA001FE47BD}"
EndProject
Global
	GlobalSection(SolutionConfigurationPlatforms) = preSolution
		Debug|Any CPU = Debug|Any CPU
		Release|Any CPU = Release|Any CPU
	EndGlobalSection
	GlobalSection(ProjectConfigurationPlatforms) = postSolution
		{45CDC615-5001-4621-9ED2-D7EDF8FABFCA}.Debug|Any CPU.ActiveCfg = Debug|Any CPU
		{45CDC615-5001-4621-9ED2-D7EDF8FABFCA}.Debug|Any CPU.Build.0 = Debug|Any CPU
		{45CDC615-5001-4621-9ED2-D7EDF8FABFCA}.Release|Any CPU.ActiveCfg = Release|Any CPU
		{45CDC615-5001-4621-9ED2-D7EDF8FABFCA}.Release|Any CPU.Build.0 = Release|Any CPU
		{1F52C704-362D-409D-8950-8EA001FE47BD}.Debug|Any CPU.ActiveCfg = Debug|Any CPU
		{1F52C704-362D-409D-8950-8EA001FE47BD}.Debug|Any CPU.Build.0 = Debug|Any CPU
		{1F52C704-362D-409D-8950-8EA001FE47BD}.Release|Any CPU.ActiveCfg = Release|Any CPU
		{1F52C704-362D-409D-8950-8EA001FE47BD}.Release|Any CPU.Build.0 = Release|Any CPU
	EndGlobalSection
	GlobalSection(SolutionProperties) = preSolution
		HideSolutionNode = FALSE
	EndGlobalSection
	GlobalSection(ExtensibilityGlobals) = postSolution
		SolutionGuid = {BEA36315-B814-4903-90B5-8458F184CDF5}
	EndGlobalSection
EndGlobal
